// !$*UTF8*$!
{
	archiveVersion = 1;
	classes = {
	};
	objectVersion = 51;
	objects = {

/* Begin PBXBuildFile section */
		60C2A5E430822D85D1810BDC /* Pods_Love_Alert.framework in Frameworks */ = {isa = PBXBuildFile; fileRef = 4E7AD346C3B71876DBE0BD7A /* Pods_Love_Alert.framework */; };
		BA6DD401239B124600078BB3 /* AppDelegate.swift in Sources */ = {isa = PBXBuildFile; fileRef = BA6DD400239B124600078BB3 /* AppDelegate.swift */; };
		BA6DD403239B124600078BB3 /* SceneDelegate.swift in Sources */ = {isa = PBXBuildFile; fileRef = BA6DD402239B124600078BB3 /* SceneDelegate.swift */; };
		BA6DD405239B124600078BB3 /* ViewController.swift in Sources */ = {isa = PBXBuildFile; fileRef = BA6DD404239B124600078BB3 /* ViewController.swift */; };
		BA6DD408239B124600078BB3 /* Main.storyboard in Resources */ = {isa = PBXBuildFile; fileRef = BA6DD406239B124600078BB3 /* Main.storyboard */; };
		BA6DD40B239B124600078BB3 /* Love_Alert.xcdatamodeld in Sources */ = {isa = PBXBuildFile; fileRef = BA6DD409239B124600078BB3 /* Love_Alert.xcdatamodeld */; };
		BA6DD40D239B124800078BB3 /* Assets.xcassets in Resources */ = {isa = PBXBuildFile; fileRef = BA6DD40C239B124800078BB3 /* Assets.xcassets */; };
		BA6DD410239B124800078BB3 /* LaunchScreen.storyboard in Resources */ = {isa = PBXBuildFile; fileRef = BA6DD40E239B124800078BB3 /* LaunchScreen.storyboard */; };
		BA6DD41B239B124800078BB3 /* Love_AlertTests.swift in Sources */ = {isa = PBXBuildFile; fileRef = BA6DD41A239B124800078BB3 /* Love_AlertTests.swift */; };
		BA6DD426239B124800078BB3 /* Love_AlertUITests.swift in Sources */ = {isa = PBXBuildFile; fileRef = BA6DD425239B124800078BB3 /* Love_AlertUITests.swift */; };
		BA6DD434239B172400078BB3 /* GoogleService-Info.plist in Resources */ = {isa = PBXBuildFile; fileRef = BA6DD433239B172400078BB3 /* GoogleService-Info.plist */; };
		CFEB614DA96F6C8079B803F1 /* Pods_Love_AlertTests.framework in Frameworks */ = {isa = PBXBuildFile; fileRef = 9FCDC4F82AF82297BEEDEBA1 /* Pods_Love_AlertTests.framework */; };
		DE13FA61FE10BB08CF74325A /* Pods_Love_Alert_Love_AlertUITests.framework in Frameworks */ = {isa = PBXBuildFile; fileRef = F8C3C06C500C5FCDDC7CC7AF /* Pods_Love_Alert_Love_AlertUITests.framework */; };
/* End PBXBuildFile section */

/* Begin PBXContainerItemProxy section */
		BA6DD417239B124800078BB3 /* PBXContainerItemProxy */ = {
			isa = PBXContainerItemProxy;
			containerPortal = BA6DD3F5239B124600078BB3 /* Project object */;
			proxyType = 1;
			remoteGlobalIDString = BA6DD3FC239B124600078BB3;
			remoteInfo = "Love Alert";
		};
		BA6DD422239B124800078BB3 /* PBXContainerItemProxy */ = {
			isa = PBXContainerItemProxy;
			containerPortal = BA6DD3F5239B124600078BB3 /* Project object */;
			proxyType = 1;
			remoteGlobalIDString = BA6DD3FC239B124600078BB3;
			remoteInfo = "Love Alert";
		};
/* End PBXContainerItemProxy section */

/* Begin PBXFileReference section */
		33EB69B565C2801F67357984 /* Pods-Love AlertTests.release.xcconfig */ = {isa = PBXFileReference; includeInIndex = 1; lastKnownFileType = text.xcconfig; name = "Pods-Love AlertTests.release.xcconfig"; path = "Target Support Files/Pods-Love AlertTests/Pods-Love AlertTests.release.xcconfig"; sourceTree = "<group>"; };
		4D9A781673388D3FAE1AB3D9 /* Pods-Love Alert-Love AlertUITests.debug.xcconfig */ = {isa = PBXFileReference; includeInIndex = 1; lastKnownFileType = text.xcconfig; name = "Pods-Love Alert-Love AlertUITests.debug.xcconfig"; path = "Target Support Files/Pods-Love Alert-Love AlertUITests/Pods-Love Alert-Love AlertUITests.debug.xcconfig"; sourceTree = "<group>"; };
		4E7AD346C3B71876DBE0BD7A /* Pods_Love_Alert.framework */ = {isa = PBXFileReference; explicitFileType = wrapper.framework; includeInIndex = 0; path = Pods_Love_Alert.framework; sourceTree = BUILT_PRODUCTS_DIR; };
		9FCDC4F82AF82297BEEDEBA1 /* Pods_Love_AlertTests.framework */ = {isa = PBXFileReference; explicitFileType = wrapper.framework; includeInIndex = 0; path = Pods_Love_AlertTests.framework; sourceTree = BUILT_PRODUCTS_DIR; };
		AA3192C3A24536B6E3C2A29A /* Pods-Love Alert.release.xcconfig */ = {isa = PBXFileReference; includeInIndex = 1; lastKnownFileType = text.xcconfig; name = "Pods-Love Alert.release.xcconfig"; path = "Target Support Files/Pods-Love Alert/Pods-Love Alert.release.xcconfig"; sourceTree = "<group>"; };
		AF127BCDD285517B1248395F /* Pods-Love AlertTests.debug.xcconfig */ = {isa = PBXFileReference; includeInIndex = 1; lastKnownFileType = text.xcconfig; name = "Pods-Love AlertTests.debug.xcconfig"; path = "Target Support Files/Pods-Love AlertTests/Pods-Love AlertTests.debug.xcconfig"; sourceTree = "<group>"; };
		B163A056B8E468A233069335 /* Pods-Love Alert-Love AlertUITests.release.xcconfig */ = {isa = PBXFileReference; includeInIndex = 1; lastKnownFileType = text.xcconfig; name = "Pods-Love Alert-Love AlertUITests.release.xcconfig"; path = "Target Support Files/Pods-Love Alert-Love AlertUITests/Pods-Love Alert-Love AlertUITests.release.xcconfig"; sourceTree = "<group>"; };
		BA6DD3FD239B124600078BB3 /* Love Alert.app */ = {isa = PBXFileReference; explicitFileType = wrapper.application; includeInIndex = 0; path = "Love Alert.app"; sourceTree = BUILT_PRODUCTS_DIR; };
		BA6DD400239B124600078BB3 /* AppDelegate.swift */ = {isa = PBXFileReference; lastKnownFileType = sourcecode.swift; path = AppDelegate.swift; sourceTree = "<group>"; };
		BA6DD402239B124600078BB3 /* SceneDelegate.swift */ = {isa = PBXFileReference; lastKnownFileType = sourcecode.swift; path = SceneDelegate.swift; sourceTree = "<group>"; };
		BA6DD404239B124600078BB3 /* ViewController.swift */ = {isa = PBXFileReference; lastKnownFileType = sourcecode.swift; path = ViewController.swift; sourceTree = "<group>"; };
		BA6DD407239B124600078BB3 /* Base */ = {isa = PBXFileReference; lastKnownFileType = file.storyboard; name = Base; path = Base.lproj/Main.storyboard; sourceTree = "<group>"; };
		BA6DD40A239B124600078BB3 /* Love_Alert.xcdatamodel */ = {isa = PBXFileReference; lastKnownFileType = wrapper.xcdatamodel; path = Love_Alert.xcdatamodel; sourceTree = "<group>"; };
		BA6DD40C239B124800078BB3 /* Assets.xcassets */ = {isa = PBXFileReference; lastKnownFileType = folder.assetcatalog; path = Assets.xcassets; sourceTree = "<group>"; };
		BA6DD40F239B124800078BB3 /* Base */ = {isa = PBXFileReference; lastKnownFileType = file.storyboard; name = Base; path = Base.lproj/LaunchScreen.storyboard; sourceTree = "<group>"; };
		BA6DD411239B124800078BB3 /* Info.plist */ = {isa = PBXFileReference; lastKnownFileType = text.plist.xml; path = Info.plist; sourceTree = "<group>"; };
		BA6DD416239B124800078BB3 /* Love AlertTests.xctest */ = {isa = PBXFileReference; explicitFileType = wrapper.cfbundle; includeInIndex = 0; path = "Love AlertTests.xctest"; sourceTree = BUILT_PRODUCTS_DIR; };
		BA6DD41A239B124800078BB3 /* Love_AlertTests.swift */ = {isa = PBXFileReference; lastKnownFileType = sourcecode.swift; path = Love_AlertTests.swift; sourceTree = "<group>"; };
		BA6DD41C239B124800078BB3 /* Info.plist */ = {isa = PBXFileReference; lastKnownFileType = text.plist.xml; path = Info.plist; sourceTree = "<group>"; };
		BA6DD421239B124800078BB3 /* Love AlertUITests.xctest */ = {isa = PBXFileReference; explicitFileType = wrapper.cfbundle; includeInIndex = 0; path = "Love AlertUITests.xctest"; sourceTree = BUILT_PRODUCTS_DIR; };
		BA6DD425239B124800078BB3 /* Love_AlertUITests.swift */ = {isa = PBXFileReference; lastKnownFileType = sourcecode.swift; path = Love_AlertUITests.swift; sourceTree = "<group>"; };
		BA6DD427239B124800078BB3 /* Info.plist */ = {isa = PBXFileReference; lastKnownFileType = text.plist.xml; path = Info.plist; sourceTree = "<group>"; };
		BA6DD433239B172400078BB3 /* GoogleService-Info.plist */ = {isa = PBXFileReference; fileEncoding = 4; lastKnownFileType = text.plist.xml; path = "GoogleService-Info.plist"; sourceTree = "<group>"; };
		DC0BCC07D9ABE27ED0B9AFBE /* Pods-Love Alert.debug.xcconfig */ = {isa = PBXFileReference; includeInIndex = 1; lastKnownFileType = text.xcconfig; name = "Pods-Love Alert.debug.xcconfig"; path = "Target Support Files/Pods-Love Alert/Pods-Love Alert.debug.xcconfig"; sourceTree = "<group>"; };
		F8C3C06C500C5FCDDC7CC7AF /* Pods_Love_Alert_Love_AlertUITests.framework */ = {isa = PBXFileReference; explicitFileType = wrapper.framework; includeInIndex = 0; path = Pods_Love_Alert_Love_AlertUITests.framework; sourceTree = BUILT_PRODUCTS_DIR; };
/* End PBXFileReference section */

/* Begin PBXFrameworksBuildPhase section */
		BA6DD3FA239B124600078BB3 /* Frameworks */ = {
			isa = PBXFrameworksBuildPhase;
			buildActionMask = 2147483647;
			files = (
				60C2A5E430822D85D1810BDC /* Pods_Love_Alert.framework in Frameworks */,
			);
			runOnlyForDeploymentPostprocessing = 0;
		};
		BA6DD413239B124800078BB3 /* Frameworks */ = {
			isa = PBXFrameworksBuildPhase;
			buildActionMask = 2147483647;
			files = (
				CFEB614DA96F6C8079B803F1 /* Pods_Love_AlertTests.framework in Frameworks */,
			);
			runOnlyForDeploymentPostprocessing = 0;
		};
		BA6DD41E239B124800078BB3 /* Frameworks */ = {
			isa = PBXFrameworksBuildPhase;
			buildActionMask = 2147483647;
			files = (
				DE13FA61FE10BB08CF74325A /* Pods_Love_Alert_Love_AlertUITests.framework in Frameworks */,
			);
			runOnlyForDeploymentPostprocessing = 0;
		};
/* End PBXFrameworksBuildPhase section */

/* Begin PBXGroup section */
		5C190FFFEBF471B0A3217059 /* Pods */ = {
			isa = PBXGroup;
			children = (
				DC0BCC07D9ABE27ED0B9AFBE /* Pods-Love Alert.debug.xcconfig */,
				AA3192C3A24536B6E3C2A29A /* Pods-Love Alert.release.xcconfig */,
				4D9A781673388D3FAE1AB3D9 /* Pods-Love Alert-Love AlertUITests.debug.xcconfig */,
				B163A056B8E468A233069335 /* Pods-Love Alert-Love AlertUITests.release.xcconfig */,
				AF127BCDD285517B1248395F /* Pods-Love AlertTests.debug.xcconfig */,
				33EB69B565C2801F67357984 /* Pods-Love AlertTests.release.xcconfig */,
			);
			path = Pods;
			sourceTree = "<group>";
		};
		659AC33F70ED9148E88EEECC /* Frameworks */ = {
			isa = PBXGroup;
			children = (
				4E7AD346C3B71876DBE0BD7A /* Pods_Love_Alert.framework */,
				F8C3C06C500C5FCDDC7CC7AF /* Pods_Love_Alert_Love_AlertUITests.framework */,
				9FCDC4F82AF82297BEEDEBA1 /* Pods_Love_AlertTests.framework */,
			);
			name = Frameworks;
			sourceTree = "<group>";
		};
		BA6DD3F4239B124600078BB3 = {
			isa = PBXGroup;
			children = (
				BA6DD3FF239B124600078BB3 /* Love Alert */,
				BA6DD419239B124800078BB3 /* Love AlertTests */,
				BA6DD424239B124800078BB3 /* Love AlertUITests */,
				BA6DD3FE239B124600078BB3 /* Products */,
				5C190FFFEBF471B0A3217059 /* Pods */,
				659AC33F70ED9148E88EEECC /* Frameworks */,
			);
			sourceTree = "<group>";
		};
		BA6DD3FE239B124600078BB3 /* Products */ = {
			isa = PBXGroup;
			children = (
				BA6DD3FD239B124600078BB3 /* Love Alert.app */,
				BA6DD416239B124800078BB3 /* Love AlertTests.xctest */,
				BA6DD421239B124800078BB3 /* Love AlertUITests.xctest */,
			);
			name = Products;
			sourceTree = "<group>";
		};
		BA6DD3FF239B124600078BB3 /* Love Alert */ = {
			isa = PBXGroup;
			children = (
				BA6DD400239B124600078BB3 /* AppDelegate.swift */,
				BA6DD402239B124600078BB3 /* SceneDelegate.swift */,
				BA6DD404239B124600078BB3 /* ViewController.swift */,
				BA6DD406239B124600078BB3 /* Main.storyboard */,
				BA6DD40C239B124800078BB3 /* Assets.xcassets */,
				BA6DD40E239B124800078BB3 /* LaunchScreen.storyboard */,
				BA6DD411239B124800078BB3 /* Info.plist */,
				BA6DD433239B172400078BB3 /* GoogleService-Info.plist */,
				BA6DD409239B124600078BB3 /* Love_Alert.xcdatamodeld */,
			);
			path = "Love Alert";
			sourceTree = "<group>";
		};
		BA6DD419239B124800078BB3 /* Love AlertTests */ = {
			isa = PBXGroup;
			children = (
				BA6DD41A239B124800078BB3 /* Love_AlertTests.swift */,
				BA6DD41C239B124800078BB3 /* Info.plist */,
			);
			path = "Love AlertTests";
			sourceTree = "<group>";
		};
		BA6DD424239B124800078BB3 /* Love AlertUITests */ = {
			isa = PBXGroup;
			children = (
				BA6DD425239B124800078BB3 /* Love_AlertUITests.swift */,
				BA6DD427239B124800078BB3 /* Info.plist */,
			);
			path = "Love AlertUITests";
			sourceTree = "<group>";
		};
/* End PBXGroup section */

/* Begin PBXNativeTarget section */
		BA6DD3FC239B124600078BB3 /* Love Alert */ = {
			isa = PBXNativeTarget;
			buildConfigurationList = BA6DD42A239B124800078BB3 /* Build configuration list for PBXNativeTarget "Love Alert" */;
			buildPhases = (
				764B74B505A7C6983DA05FC8 /* [CP] Check Pods Manifest.lock */,
				BA6DD3F9239B124600078BB3 /* Sources */,
				BA6DD3FA239B124600078BB3 /* Frameworks */,
				BA6DD3FB239B124600078BB3 /* Resources */,
				5643C1300AF0CF7BE51F31B7 /* [CP] Embed Pods Frameworks */,
			);
			buildRules = (
			);
			dependencies = (
			);
			name = "Love Alert";
			productName = "Love Alert";
			productReference = BA6DD3FD239B124600078BB3 /* Love Alert.app */;
			productType = "com.apple.product-type.application";
		};
		BA6DD415239B124800078BB3 /* Love AlertTests */ = {
			isa = PBXNativeTarget;
			buildConfigurationList = BA6DD42D239B124800078BB3 /* Build configuration list for PBXNativeTarget "Love AlertTests" */;
			buildPhases = (
				5433EA9FDD907DE09252B022 /* [CP] Check Pods Manifest.lock */,
				BA6DD412239B124800078BB3 /* Sources */,
				BA6DD413239B124800078BB3 /* Frameworks */,
				BA6DD414239B124800078BB3 /* Resources */,
			);
			buildRules = (
			);
			dependencies = (
				BA6DD418239B124800078BB3 /* PBXTargetDependency */,
			);
			name = "Love AlertTests";
			productName = "Love AlertTests";
			productReference = BA6DD416239B124800078BB3 /* Love AlertTests.xctest */;
			productType = "com.apple.product-type.bundle.unit-test";
		};
		BA6DD420239B124800078BB3 /* Love AlertUITests */ = {
			isa = PBXNativeTarget;
			buildConfigurationList = BA6DD430239B124800078BB3 /* Build configuration list for PBXNativeTarget "Love AlertUITests" */;
			buildPhases = (
				AFB911B988B9025E263B2831 /* [CP] Check Pods Manifest.lock */,
				BA6DD41D239B124800078BB3 /* Sources */,
				BA6DD41E239B124800078BB3 /* Frameworks */,
				BA6DD41F239B124800078BB3 /* Resources */,
				852BF7CD99C5FC92C1CE1425 /* [CP] Embed Pods Frameworks */,
			);
			buildRules = (
			);
			dependencies = (
				BA6DD423239B124800078BB3 /* PBXTargetDependency */,
			);
			name = "Love AlertUITests";
			productName = "Love AlertUITests";
			productReference = BA6DD421239B124800078BB3 /* Love AlertUITests.xctest */;
			productType = "com.apple.product-type.bundle.ui-testing";
		};
/* End PBXNativeTarget section */

/* Begin PBXProject section */
		BA6DD3F5239B124600078BB3 /* Project object */ = {
			isa = PBXProject;
			attributes = {
				LastSwiftUpdateCheck = 1120;
				LastUpgradeCheck = 1120;
				ORGANIZATIONNAME = "Henry Chen";
				TargetAttributes = {
					BA6DD3FC239B124600078BB3 = {
						CreatedOnToolsVersion = 11.2.1;
					};
					BA6DD415239B124800078BB3 = {
						CreatedOnToolsVersion = 11.2.1;
						TestTargetID = BA6DD3FC239B124600078BB3;
					};
					BA6DD420239B124800078BB3 = {
						CreatedOnToolsVersion = 11.2.1;
						TestTargetID = BA6DD3FC239B124600078BB3;
					};
				};
			};
			buildConfigurationList = BA6DD3F8239B124600078BB3 /* Build configuration list for PBXProject "Love Alert" */;
			compatibilityVersion = "Xcode 9.3";
			developmentRegion = en;
			hasScannedForEncodings = 0;
			knownRegions = (
				en,
				Base,
			);
			mainGroup = BA6DD3F4239B124600078BB3;
			productRefGroup = BA6DD3FE239B124600078BB3 /* Products */;
			projectDirPath = "";
			projectRoot = "";
			targets = (
				BA6DD3FC239B124600078BB3 /* Love Alert */,
				BA6DD415239B124800078BB3 /* Love AlertTests */,
				BA6DD420239B124800078BB3 /* Love AlertUITests */,
			);
		};
/* End PBXProject section */

/* Begin PBXResourcesBuildPhase section */
		BA6DD3FB239B124600078BB3 /* Resources */ = {
			isa = PBXResourcesBuildPhase;
			buildActionMask = 2147483647;
			files = (
				BA6DD410239B124800078BB3 /* LaunchScreen.storyboard in Resources */,
				BA6DD434239B172400078BB3 /* GoogleService-Info.plist in Resources */,
				BA6DD40D239B124800078BB3 /* Assets.xcassets in Resources */,
				BA6DD408239B124600078BB3 /* Main.storyboard in Resources */,
			);
			runOnlyForDeploymentPostprocessing = 0;
		};
		BA6DD414239B124800078BB3 /* Resources */ = {
			isa = PBXResourcesBuildPhase;
			buildActionMask = 2147483647;
			files = (
			);
			runOnlyForDeploymentPostprocessing = 0;
		};
		BA6DD41F239B124800078BB3 /* Resources */ = {
			isa = PBXResourcesBuildPhase;
			buildActionMask = 2147483647;
			files = (
			);
			runOnlyForDeploymentPostprocessing = 0;
		};
/* End PBXResourcesBuildPhase section */

/* Begin PBXShellScriptBuildPhase section */
		5433EA9FDD907DE09252B022 /* [CP] Check Pods Manifest.lock */ = {
			isa = PBXShellScriptBuildPhase;
			buildActionMask = 2147483647;
			files = (
			);
			inputFileListPaths = (
			);
			inputPaths = (
				"${PODS_PODFILE_DIR_PATH}/Podfile.lock",
				"${PODS_ROOT}/Manifest.lock",
			);
			name = "[CP] Check Pods Manifest.lock";
			outputFileListPaths = (
			);
			outputPaths = (
				"$(DERIVED_FILE_DIR)/Pods-Love AlertTests-checkManifestLockResult.txt",
			);
			runOnlyForDeploymentPostprocessing = 0;
			shellPath = /bin/sh;
			shellScript = "diff \"${PODS_PODFILE_DIR_PATH}/Podfile.lock\" \"${PODS_ROOT}/Manifest.lock\" > /dev/null\nif [ $? != 0 ] ; then\n    # print error to STDERR\n    echo \"error: The sandbox is not in sync with the Podfile.lock. Run 'pod install' or update your CocoaPods installation.\" >&2\n    exit 1\nfi\n# This output is used by Xcode 'outputs' to avoid re-running this script phase.\necho \"SUCCESS\" > \"${SCRIPT_OUTPUT_FILE_0}\"\n";
			showEnvVarsInLog = 0;
		};
		5643C1300AF0CF7BE51F31B7 /* [CP] Embed Pods Frameworks */ = {
			isa = PBXShellScriptBuildPhase;
			buildActionMask = 2147483647;
			files = (
			);
			inputFileListPaths = (
				"${PODS_ROOT}/Target Support Files/Pods-Love Alert/Pods-Love Alert-frameworks-${CONFIGURATION}-input-files.xcfilelist",
			);
			name = "[CP] Embed Pods Frameworks";
			outputFileListPaths = (
				"${PODS_ROOT}/Target Support Files/Pods-Love Alert/Pods-Love Alert-frameworks-${CONFIGURATION}-output-files.xcfilelist",
			);
			runOnlyForDeploymentPostprocessing = 0;
			shellPath = /bin/sh;
			shellScript = "\"${PODS_ROOT}/Target Support Files/Pods-Love Alert/Pods-Love Alert-frameworks.sh\"\n";
			showEnvVarsInLog = 0;
		};
		764B74B505A7C6983DA05FC8 /* [CP] Check Pods Manifest.lock */ = {
			isa = PBXShellScriptBuildPhase;
			buildActionMask = 2147483647;
			files = (
			);
			inputFileListPaths = (
			);
			inputPaths = (
				"${PODS_PODFILE_DIR_PATH}/Podfile.lock",
				"${PODS_ROOT}/Manifest.lock",
			);
			name = "[CP] Check Pods Manifest.lock";
			outputFileListPaths = (
			);
			outputPaths = (
				"$(DERIVED_FILE_DIR)/Pods-Love Alert-checkManifestLockResult.txt",
			);
			runOnlyForDeploymentPostprocessing = 0;
			shellPath = /bin/sh;
			shellScript = "diff \"${PODS_PODFILE_DIR_PATH}/Podfile.lock\" \"${PODS_ROOT}/Manifest.lock\" > /dev/null\nif [ $? != 0 ] ; then\n    # print error to STDERR\n    echo \"error: The sandbox is not in sync with the Podfile.lock. Run 'pod install' or update your CocoaPods installation.\" >&2\n    exit 1\nfi\n# This output is used by Xcode 'outputs' to avoid re-running this script phase.\necho \"SUCCESS\" > \"${SCRIPT_OUTPUT_FILE_0}\"\n";
			showEnvVarsInLog = 0;
		};
		852BF7CD99C5FC92C1CE1425 /* [CP] Embed Pods Frameworks */ = {
			isa = PBXShellScriptBuildPhase;
			buildActionMask = 2147483647;
			files = (
			);
			inputFileListPaths = (
				"${PODS_ROOT}/Target Support Files/Pods-Love Alert-Love AlertUITests/Pods-Love Alert-Love AlertUITests-frameworks-${CONFIGURATION}-input-files.xcfilelist",
			);
			name = "[CP] Embed Pods Frameworks";
			outputFileListPaths = (
				"${PODS_ROOT}/Target Support Files/Pods-Love Alert-Love AlertUITests/Pods-Love Alert-Love AlertUITests-frameworks-${CONFIGURATION}-output-files.xcfilelist",
			);
			runOnlyForDeploymentPostprocessing = 0;
			shellPath = /bin/sh;
			shellScript = "\"${PODS_ROOT}/Target Support Files/Pods-Love Alert-Love AlertUITests/Pods-Love Alert-Love AlertUITests-frameworks.sh\"\n";
			showEnvVarsInLog = 0;
		};
		AFB911B988B9025E263B2831 /* [CP] Check Pods Manifest.lock */ = {
			isa = PBXShellScriptBuildPhase;
			buildActionMask = 2147483647;
			files = (
			);
			inputFileListPaths = (
			);
			inputPaths = (
				"${PODS_PODFILE_DIR_PATH}/Podfile.lock",
				"${PODS_ROOT}/Manifest.lock",
			);
			name = "[CP] Check Pods Manifest.lock";
			outputFileListPaths = (
			);
			outputPaths = (
				"$(DERIVED_FILE_DIR)/Pods-Love Alert-Love AlertUITests-checkManifestLockResult.txt",
			);
			runOnlyForDeploymentPostprocessing = 0;
			shellPath = /bin/sh;
			shellScript = "diff \"${PODS_PODFILE_DIR_PATH}/Podfile.lock\" \"${PODS_ROOT}/Manifest.lock\" > /dev/null\nif [ $? != 0 ] ; then\n    # print error to STDERR\n    echo \"error: The sandbox is not in sync with the Podfile.lock. Run 'pod install' or update your CocoaPods installation.\" >&2\n    exit 1\nfi\n# This output is used by Xcode 'outputs' to avoid re-running this script phase.\necho \"SUCCESS\" > \"${SCRIPT_OUTPUT_FILE_0}\"\n";
			showEnvVarsInLog = 0;
		};
/* End PBXShellScriptBuildPhase section */

/* Begin PBXSourcesBuildPhase section */
		BA6DD3F9239B124600078BB3 /* Sources */ = {
			isa = PBXSourcesBuildPhase;
			buildActionMask = 2147483647;
			files = (
				BA6DD40B239B124600078BB3 /* Love_Alert.xcdatamodeld in Sources */,
				BA6DD405239B124600078BB3 /* ViewController.swift in Sources */,
				BA6DD401239B124600078BB3 /* AppDelegate.swift in Sources */,
				BA6DD403239B124600078BB3 /* SceneDelegate.swift in Sources */,
			);
			runOnlyForDeploymentPostprocessing = 0;
		};
		BA6DD412239B124800078BB3 /* Sources */ = {
			isa = PBXSourcesBuildPhase;
			buildActionMask = 2147483647;
			files = (
				BA6DD41B239B124800078BB3 /* Love_AlertTests.swift in Sources */,
			);
			runOnlyForDeploymentPostprocessing = 0;
		};
		BA6DD41D239B124800078BB3 /* Sources */ = {
			isa = PBXSourcesBuildPhase;
			buildActionMask = 2147483647;
			files = (
				BA6DD426239B124800078BB3 /* Love_AlertUITests.swift in Sources */,
			);
			runOnlyForDeploymentPostprocessing = 0;
		};
/* End PBXSourcesBuildPhase section */

/* Begin PBXTargetDependency section */
		BA6DD418239B124800078BB3 /* PBXTargetDependency */ = {
			isa = PBXTargetDependency;
			target = BA6DD3FC239B124600078BB3 /* Love Alert */;
			targetProxy = BA6DD417239B124800078BB3 /* PBXContainerItemProxy */;
		};
		BA6DD423239B124800078BB3 /* PBXTargetDependency */ = {
			isa = PBXTargetDependency;
			target = BA6DD3FC239B124600078BB3 /* Love Alert */;
			targetProxy = BA6DD422239B124800078BB3 /* PBXContainerItemProxy */;
		};
/* End PBXTargetDependency section */

/* Begin PBXVariantGroup section */
		BA6DD406239B124600078BB3 /* Main.storyboard */ = {
			isa = PBXVariantGroup;
			children = (
				BA6DD407239B124600078BB3 /* Base */,
			);
			name = Main.storyboard;
			sourceTree = "<group>";
		};
		BA6DD40E239B124800078BB3 /* LaunchScreen.storyboard */ = {
			isa = PBXVariantGroup;
			children = (
				BA6DD40F239B124800078BB3 /* Base */,
			);
			name = LaunchScreen.storyboard;
			sourceTree = "<group>";
		};
/* End PBXVariantGroup section */

/* Begin XCBuildConfiguration section */
		BA6DD428239B124800078BB3 /* Debug */ = {
			isa = XCBuildConfiguration;
			buildSettings = {
				ALWAYS_SEARCH_USER_PATHS = NO;
				CLANG_ANALYZER_NONNULL = YES;
				CLANG_ANALYZER_NUMBER_OBJECT_CONVERSION = YES_AGGRESSIVE;
				CLANG_CXX_LANGUAGE_STANDARD = "gnu++14";
				CLANG_CXX_LIBRARY = "libc++";
				CLANG_ENABLE_MODULES = YES;
				CLANG_ENABLE_OBJC_ARC = YES;
				CLANG_ENABLE_OBJC_WEAK = YES;
				CLANG_WARN_BLOCK_CAPTURE_AUTORELEASING = YES;
				CLANG_WARN_BOOL_CONVERSION = YES;
				CLANG_WARN_COMMA = YES;
				CLANG_WARN_CONSTANT_CONVERSION = YES;
				CLANG_WARN_DEPRECATED_OBJC_IMPLEMENTATIONS = YES;
				CLANG_WARN_DIRECT_OBJC_ISA_USAGE = YES_ERROR;
				CLANG_WARN_DOCUMENTATION_COMMENTS = YES;
				CLANG_WARN_EMPTY_BODY = YES;
				CLANG_WARN_ENUM_CONVERSION = YES;
				CLANG_WARN_INFINITE_RECURSION = YES;
				CLANG_WARN_INT_CONVERSION = YES;
				CLANG_WARN_NON_LITERAL_NULL_CONVERSION = YES;
				CLANG_WARN_OBJC_IMPLICIT_RETAIN_SELF = YES;
				CLANG_WARN_OBJC_LITERAL_CONVERSION = YES;
				CLANG_WARN_OBJC_ROOT_CLASS = YES_ERROR;
				CLANG_WARN_RANGE_LOOP_ANALYSIS = YES;
				CLANG_WARN_STRICT_PROTOTYPES = YES;
				CLANG_WARN_SUSPICIOUS_MOVE = YES;
				CLANG_WARN_UNGUARDED_AVAILABILITY = YES_AGGRESSIVE;
				CLANG_WARN_UNREACHABLE_CODE = YES;
				CLANG_WARN__DUPLICATE_METHOD_MATCH = YES;
				COPY_PHASE_STRIP = NO;
				DEBUG_INFORMATION_FORMAT = dwarf;
				ENABLE_STRICT_OBJC_MSGSEND = YES;
				ENABLE_TESTABILITY = YES;
				GCC_C_LANGUAGE_STANDARD = gnu11;
				GCC_DYNAMIC_NO_PIC = NO;
				GCC_NO_COMMON_BLOCKS = YES;
				GCC_OPTIMIZATION_LEVEL = 0;
				GCC_PREPROCESSOR_DEFINITIONS = (
					"DEBUG=1",
					"$(inherited)",
				);
				GCC_WARN_64_TO_32_BIT_CONVERSION = YES;
				GCC_WARN_ABOUT_RETURN_TYPE = YES_ERROR;
				GCC_WARN_UNDECLARED_SELECTOR = YES;
				GCC_WARN_UNINITIALIZED_AUTOS = YES_AGGRESSIVE;
				GCC_WARN_UNUSED_FUNCTION = YES;
				GCC_WARN_UNUSED_VARIABLE = YES;
				IPHONEOS_DEPLOYMENT_TARGET = 13.2;
				MTL_ENABLE_DEBUG_INFO = INCLUDE_SOURCE;
				MTL_FAST_MATH = YES;
				ONLY_ACTIVE_ARCH = YES;
				SDKROOT = iphoneos;
				SWIFT_ACTIVE_COMPILATION_CONDITIONS = DEBUG;
				SWIFT_OPTIMIZATION_LEVEL = "-Onone";
			};
			name = Debug;
		};
		BA6DD429239B124800078BB3 /* Release */ = {
			isa = XCBuildConfiguration;
			buildSettings = {
				ALWAYS_SEARCH_USER_PATHS = NO;
				CLANG_ANALYZER_NONNULL = YES;
				CLANG_ANALYZER_NUMBER_OBJECT_CONVERSION = YES_AGGRESSIVE;
				CLANG_CXX_LANGUAGE_STANDARD = "gnu++14";
				CLANG_CXX_LIBRARY = "libc++";
				CLANG_ENABLE_MODULES = YES;
				CLANG_ENABLE_OBJC_ARC = YES;
				CLANG_ENABLE_OBJC_WEAK = YES;
				CLANG_WARN_BLOCK_CAPTURE_AUTORELEASING = YES;
				CLANG_WARN_BOOL_CONVERSION = YES;
				CLANG_WARN_COMMA = YES;
				CLANG_WARN_CONSTANT_CONVERSION = YES;
				CLANG_WARN_DEPRECATED_OBJC_IMPLEMENTATIONS = YES;
				CLANG_WARN_DIRECT_OBJC_ISA_USAGE = YES_ERROR;
				CLANG_WARN_DOCUMENTATION_COMMENTS = YES;
				CLANG_WARN_EMPTY_BODY = YES;
				CLANG_WARN_ENUM_CONVERSION = YES;
				CLANG_WARN_INFINITE_RECURSION = YES;
				CLANG_WARN_INT_CONVERSION = YES;
				CLANG_WARN_NON_LITERAL_NULL_CONVERSION = YES;
				CLANG_WARN_OBJC_IMPLICIT_RETAIN_SELF = YES;
				CLANG_WARN_OBJC_LITERAL_CONVERSION = YES;
				CLANG_WARN_OBJC_ROOT_CLASS = YES_ERROR;
				CLANG_WARN_RANGE_LOOP_ANALYSIS = YES;
				CLANG_WARN_STRICT_PROTOTYPES = YES;
				CLANG_WARN_SUSPICIOUS_MOVE = YES;
				CLANG_WARN_UNGUARDED_AVAILABILITY = YES_AGGRESSIVE;
				CLANG_WARN_UNREACHABLE_CODE = YES;
				CLANG_WARN__DUPLICATE_METHOD_MATCH = YES;
				COPY_PHASE_STRIP = NO;
				DEBUG_INFORMATION_FORMAT = "dwarf-with-dsym";
				ENABLE_NS_ASSERTIONS = NO;
				ENABLE_STRICT_OBJC_MSGSEND = YES;
				GCC_C_LANGUAGE_STANDARD = gnu11;
				GCC_NO_COMMON_BLOCKS = YES;
				GCC_WARN_64_TO_32_BIT_CONVERSION = YES;
				GCC_WARN_ABOUT_RETURN_TYPE = YES_ERROR;
				GCC_WARN_UNDECLARED_SELECTOR = YES;
				GCC_WARN_UNINITIALIZED_AUTOS = YES_AGGRESSIVE;
				GCC_WARN_UNUSED_FUNCTION = YES;
				GCC_WARN_UNUSED_VARIABLE = YES;
				IPHONEOS_DEPLOYMENT_TARGET = 13.2;
				MTL_ENABLE_DEBUG_INFO = NO;
				MTL_FAST_MATH = YES;
				SDKROOT = iphoneos;
				SWIFT_COMPILATION_MODE = wholemodule;
				SWIFT_OPTIMIZATION_LEVEL = "-O";
				VALIDATE_PRODUCT = YES;
			};
			name = Release;
		};
		BA6DD42B239B124800078BB3 /* Debug */ = {
			isa = XCBuildConfiguration;
			baseConfigurationReference = DC0BCC07D9ABE27ED0B9AFBE /* Pods-Love Alert.debug.xcconfig */;
			buildSettings = {
				ASSETCATALOG_COMPILER_APPICON_NAME = AppIcon;
				CODE_SIGN_STYLE = Automatic;
				DEVELOPMENT_TEAM = GSTTVLSUUK;
				INFOPLIST_FILE = "Love Alert/Info.plist";
				LD_RUNPATH_SEARCH_PATHS = (
					"$(inherited)",
					"@executable_path/Frameworks",
				);
				PRODUCT_BUNDLE_IDENTIFIER = "henrychen.Love-Alert";
				PRODUCT_NAME = "$(TARGET_NAME)";
				SWIFT_VERSION = 5.0;
				TARGETED_DEVICE_FAMILY = "1,2";
			};
			name = Debug;
		};
		BA6DD42C239B124800078BB3 /* Release */ = {
			isa = XCBuildConfiguration;
			baseConfigurationReference = AA3192C3A24536B6E3C2A29A /* Pods-Love Alert.release.xcconfig */;
			buildSettings = {
				ASSETCATALOG_COMPILER_APPICON_NAME = AppIcon;
				CODE_SIGN_STYLE = Automatic;
				DEVELOPMENT_TEAM = GSTTVLSUUK;
				INFOPLIST_FILE = "Love Alert/Info.plist";
				LD_RUNPATH_SEARCH_PATHS = (
					"$(inherited)",
					"@executable_path/Frameworks",
				);
				PRODUCT_BUNDLE_IDENTIFIER = "henrychen.Love-Alert";
				PRODUCT_NAME = "$(TARGET_NAME)";
				SWIFT_VERSION = 5.0;
				TARGETED_DEVICE_FAMILY = "1,2";
			};
			name = Release;
		};
		BA6DD42E239B124800078BB3 /* Debug */ = {
			isa = XCBuildConfiguration;
			baseConfigurationReference = AF127BCDD285517B1248395F /* Pods-Love AlertTests.debug.xcconfig */;
			buildSettings = {
				ALWAYS_EMBED_SWIFT_STANDARD_LIBRARIES = YES;
				BUNDLE_LOADER = "$(TEST_HOST)";
				CODE_SIGN_STYLE = Automatic;
				DEVELOPMENT_TEAM = GSTTVLSUUK;
				INFOPLIST_FILE = "Love AlertTests/Info.plist";
				IPHONEOS_DEPLOYMENT_TARGET = 13.2;
				LD_RUNPATH_SEARCH_PATHS = (
					"$(inherited)",
					"@executable_path/Frameworks",
					"@loader_path/Frameworks",
				);
				PRODUCT_BUNDLE_IDENTIFIER = "henrychen.Love-AlertTests";
				PRODUCT_NAME = "$(TARGET_NAME)";
				SWIFT_VERSION = 5.0;
				TARGETED_DEVICE_FAMILY = "1,2";
				TEST_HOST = "$(BUILT_PRODUCTS_DIR)/Love Alert.app/Love Alert";
			};
			name = Debug;
		};
		BA6DD42F239B124800078BB3 /* Release */ = {
			isa = XCBuildConfiguration;
			baseConfigurationReference = 33EB69B565C2801F67357984 /* Pods-Love AlertTests.release.xcconfig */;
			buildSettings = {
				ALWAYS_EMBED_SWIFT_STANDARD_LIBRARIES = YES;
				BUNDLE_LOADER = "$(TEST_HOST)";
				CODE_SIGN_STYLE = Automatic;
				DEVELOPMENT_TEAM = GSTTVLSUUK;
				INFOPLIST_FILE = "Love AlertTests/Info.plist";
				IPHONEOS_DEPLOYMENT_TARGET = 13.2;
				LD_RUNPATH_SEARCH_PATHS = (
					"$(inherited)",
					"@executable_path/Frameworks",
					"@loader_path/Frameworks",
				);
				PRODUCT_BUNDLE_IDENTIFIER = "henrychen.Love-AlertTests";
				PRODUCT_NAME = "$(TARGET_NAME)";
				SWIFT_VERSION = 5.0;
				TARGETED_DEVICE_FAMILY = "1,2";
				TEST_HOST = "$(BUILT_PRODUCTS_DIR)/Love Alert.app/Love Alert";
			};
			name = Release;
		};
		BA6DD431239B124800078BB3 /* Debug */ = {
			isa = XCBuildConfiguration;
			baseConfigurationReference = 4D9A781673388D3FAE1AB3D9 /* Pods-Love Alert-Love AlertUITests.debug.xcconfig */;
			buildSettings = {
				ALWAYS_EMBED_SWIFT_STANDARD_LIBRARIES = YES;
				CODE_SIGN_STYLE = Automatic;
				DEVELOPMENT_TEAM = GSTTVLSUUK;
				INFOPLIST_FILE = "Love AlertUITests/Info.plist";
				LD_RUNPATH_SEARCH_PATHS = (
					"$(inherited)",
					"@executable_path/Frameworks",
					"@loader_path/Frameworks",
				);
				PRODUCT_BUNDLE_IDENTIFIER = "henrychen.Love-AlertUITests";
				PRODUCT_NAME = "$(TARGET_NAME)";
				SWIFT_VERSION = 5.0;
				TARGETED_DEVICE_FAMILY = "1,2";
				TEST_TARGET_NAME = "Love Alert";
			};
			name = Debug;
		};
		BA6DD432239B124800078BB3 /* Release */ = {
			isa = XCBuildConfiguration;
			baseConfigurationReference = B163A056B8E468A233069335 /* Pods-Love Alert-Love AlertUITests.release.xcconfig */;
			buildSettings = {
				ALWAYS_EMBED_SWIFT_STANDARD_LIBRARIES = YES;
				CODE_SIGN_STYLE = Automatic;
				DEVELOPMENT_TEAM = GSTTVLSUUK;
				INFOPLIST_FILE = "Love AlertUITests/Info.plist";
				LD_RUNPATH_SEARCH_PATHS = (
					"$(inherited)",
					"@executable_path/Frameworks",
					"@loader_path/Frameworks",
				);
				PRODUCT_BUNDLE_IDENTIFIER = "henrychen.Love-AlertUITests";
				PRODUCT_NAME = "$(TARGET_NAME)";
				SWIFT_VERSION = 5.0;
				TARGETED_DEVICE_FAMILY = "1,2";
				TEST_TARGET_NAME = "Love Alert";
			};
			name = Release;
		};
/* End XCBuildConfiguration section */

/* Begin XCConfigurationList section */
		BA6DD3F8239B124600078BB3 /* Build configuration list for PBXProject "Love Alert" */ = {
			isa = XCConfigurationList;
			buildConfigurations = (
				BA6DD428239B124800078BB3 /* Debug */,
				BA6DD429239B124800078BB3 /* Release */,
			);
			defaultConfigurationIsVisible = 0;
			defaultConfigurationName = Release;
		};
		BA6DD42A239B124800078BB3 /* Build configuration list for PBXNativeTarget "Love Alert" */ = {
			isa = XCConfigurationList;
			buildConfigurations = (
				BA6DD42B239B124800078BB3 /* Debug */,
				BA6DD42C239B124800078BB3 /* Release */,
			);
			defaultConfigurationIsVisible = 0;
			defaultConfigurationName = Release;
		};
		BA6DD42D239B124800078BB3 /* Build configuration list for PBXNativeTarget "Love AlertTests" */ = {
			isa = XCConfigurationList;
			buildConfigurations = (
				BA6DD42E239B124800078BB3 /* Debug */,
				BA6DD42F239B124800078BB3 /* Release */,
			);
			defaultConfigurationIsVisible = 0;
			defaultConfigurationName = Release;
		};
		BA6DD430239B124800078BB3 /* Build configuration list for PBXNativeTarget "Love AlertUITests" */ = {
			isa = XCConfigurationList;
			buildConfigurations = (
				BA6DD431239B124800078BB3 /* Debug */,
				BA6DD432239B124800078BB3 /* Release */,
			);
			defaultConfigurationIsVisible = 0;
			defaultConfigurationName = Release;
		};
/* End XCConfigurationList section */

/* Begin XCVersionGroup section */
		BA6DD409239B124600078BB3 /* Love_Alert.xcdatamodeld */ = {
			isa = XCVersionGroup;
			children = (
				BA6DD40A239B124600078BB3 /* Love_Alert.xcdatamodel */,
			);
			currentVersion = BA6DD40A239B124600078BB3 /* Love_Alert.xcdatamodel */;
			path = Love_Alert.xcdatamodeld;
			sourceTree = "<group>";
			versionGroupType = wrapper.xcdatamodel;
		};
/* End XCVersionGroup section */
	};
	rootObject = BA6DD3F5239B124600078BB3 /* Project object */;
}
